
Microsoft Visual Studio Solution File, Format Version 12.00
# Visual Studio for Mac
Project("{FAE04EC0-301F-11D3-BF4B-00C04F79EFBC}") = "rush_01.Plugins", "rush_01.Plugins.csproj", "{23747B5D-33CF-68EF-E131-C241E2A96991}"
EndProject
Project("{FAE04EC0-301F-11D3-BF4B-00C04F79EFBC}") = "rush_01", "rush_01.csproj", "{06FE5F7C-84B5-607D-6285-9AA141B85BAD}"
EndProject
Project("{FAE04EC0-301F-11D3-BF4B-00C04F79EFBC}") = "rush_01.Editor.Plugins", "rush_01.Editor.Plugins.csproj", "{F6568D66-992C-213B-133A-E8250A66AB5F}"
EndProject
Global
	GlobalSection(SolutionConfigurationPlatforms) = preSolution
		Debug|Any CPU = Debug|Any CPU
		Release|Any CPU = Release|Any CPU
	EndGlobalSection
	GlobalSection(ProjectConfigurationPlatforms) = postSolution
		{23747B5D-33CF-68EF-E131-C241E2A96991}.Debug|Any CPU.ActiveCfg = Debug|Any CPU
		{23747B5D-33CF-68EF-E131-C241E2A96991}.Debug|Any CPU.Build.0 = Debug|Any CPU
		{23747B5D-33CF-68EF-E131-C241E2A96991}.Release|Any CPU.ActiveCfg = Release|Any CPU
		{23747B5D-33CF-68EF-E131-C241E2A96991}.Release|Any CPU.Build.0 = Release|Any CPU
		{06FE5F7C-84B5-607D-6285-9AA141B85BAD}.Debug|Any CPU.ActiveCfg = Debug|Any CPU
		{06FE5F7C-84B5-607D-6285-9AA141B85BAD}.Debug|Any CPU.Build.0 = Debug|Any CPU
		{06FE5F7C-84B5-607D-6285-9AA141B85BAD}.Release|Any CPU.ActiveCfg = Release|Any CPU
		{06FE5F7C-84B5-607D-6285-9AA141B85BAD}.Release|Any CPU.Build.0 = Release|Any CPU
		{F6568D66-992C-213B-133A-E8250A66AB5F}.Debug|Any CPU.ActiveCfg = Debug|Any CPU
		{F6568D66-992C-213B-133A-E8250A66AB5F}.Debug|Any CPU.Build.0 = Debug|Any CPU
		{F6568D66-992C-213B-133A-E8250A66AB5F}.Release|Any CPU.ActiveCfg = Release|Any CPU
		{F6568D66-992C-213B-133A-E8250A66AB5F}.Release|Any CPU.Build.0 = Release|Any CPU
	EndGlobalSection
	GlobalSection(SolutionProperties) = preSolution
		HideSolutionNode = FALSE
	EndGlobalSection
EndGlobal
